
Microsoft Visual Studio Solution File, Format Version 12.00
# Visual Studio Version 17
VisualStudioVersion = 17.12.35424.110
MinimumVisualStudioVersion = 10.0.40219.1
Project("{FAE04EC0-301F-11D3-BF4B-00C04F79EFBC}") = "Ambev.Domain", "Ambev.Domain\Ambev.Domain.csproj", "{0C578659-4F83-47CF-BB52-E9DB26553F65}"
EndProject
Project("{FAE04EC0-301F-11D3-BF4B-00C04F79EFBC}") = "Ambev.ServiceDefaults", "Ambev.ServiceDefaults\Ambev.ServiceDefaults.csproj", "{BEA72B4A-9E19-45CD-AF15-821CA649AF62}"
EndProject
Project("{2150E333-8FDC-42A3-9474-1A3956D46DE8}") = "0 - Presentation", "0 - Presentation", "{33A48248-FD07-4737-B321-545B1069B494}"
EndProject
Project("{2150E333-8FDC-42A3-9474-1A3956D46DE8}") = "1 - Core", "1 - Core", "{65FFFD99-926F-4B26-ADC6-6AD5BCED9922}"
EndProject
Project("{2150E333-8FDC-42A3-9474-1A3956D46DE8}") = "2 - Infrastructure", "2 - Infrastructure", "{B79635F4-05F0-4384-9375-36C9302E812F}"
EndProject
Project("{2150E333-8FDC-42A3-9474-1A3956D46DE8}") = "tests", "tests", "{E6393FE2-6718-4CAF-A2EA-45242007E478}"
EndProject
Project("{FAE04EC0-301F-11D3-BF4B-00C04F79EFBC}") = "Ambev.Api", "Ambev.Api\Ambev.Api.csproj", "{E2FB754D-73F2-489E-B36A-4E935F6BE739}"
EndProject
Project("{54A90642-561A-4BB1-A94E-469ADEE60C69}") = "Ambev.Angular", "Ambev.Angular\Ambev.Angular.esproj", "{BFDF8015-F289-4205-B8D8-46AB1B19D20C}"
EndProject
Project("{FAE04EC0-301F-11D3-BF4B-00C04F79EFBC}") = "Ambev.UnitTests", "Ambev.UnitTests\Ambev.UnitTests.csproj", "{26B2EEB0-4221-4C27-B171-56B73C35AE7B}"
EndProject
Project("{FAE04EC0-301F-11D3-BF4B-00C04F79EFBC}") = "Ambev.IntegrationTests", "Ambev.IntegrationTests\Ambev.IntegrationTests.csproj", "{77345552-412D-4F74-88E9-E9B7AD6D4679}"
EndProject
Project("{FAE04EC0-301F-11D3-BF4B-00C04F79EFBC}") = "Ambev.Shared", "Ambev.Shared\Ambev.Shared.csproj", "{1C970087-160E-4200-971F-3ED0F53D7E95}"
EndProject
Project("{FAE04EC0-301F-11D3-BF4B-00C04F79EFBC}") = "Ambev.Infrastructure", "Ambev.Infrastructure\Ambev.Infrastructure.csproj", "{C7197723-4600-4FF5-9756-69527D042E80}"
EndProject
Project("{2150E333-8FDC-42A3-9474-1A3956D46DE8}") = "src", "src", "{5E95D463-24F1-46F6-A793-92A34B68A38B}"
EndProject
Global
	GlobalSection(SolutionConfigurationPlatforms) = preSolution
		Debug|Any CPU = Debug|Any CPU
		Release|Any CPU = Release|Any CPU
	EndGlobalSection
	GlobalSection(ProjectConfigurationPlatforms) = postSolution
		{0C578659-4F83-47CF-BB52-E9DB26553F65}.Debug|Any CPU.ActiveCfg = Debug|Any CPU
		{0C578659-4F83-47CF-BB52-E9DB26553F65}.Debug|Any CPU.Build.0 = Debug|Any CPU
		{0C578659-4F83-47CF-BB52-E9DB26553F65}.Release|Any CPU.ActiveCfg = Release|Any CPU
		{0C578659-4F83-47CF-BB52-E9DB26553F65}.Release|Any CPU.Build.0 = Release|Any CPU
		{BEA72B4A-9E19-45CD-AF15-821CA649AF62}.Debug|Any CPU.ActiveCfg = Debug|Any CPU
		{BEA72B4A-9E19-45CD-AF15-821CA649AF62}.Debug|Any CPU.Build.0 = Debug|Any CPU
		{BEA72B4A-9E19-45CD-AF15-821CA649AF62}.Release|Any CPU.ActiveCfg = Release|Any CPU
		{BEA72B4A-9E19-45CD-AF15-821CA649AF62}.Release|Any CPU.Build.0 = Release|Any CPU
		{E2FB754D-73F2-489E-B36A-4E935F6BE739}.Debug|Any CPU.ActiveCfg = Debug|Any CPU
		{E2FB754D-73F2-489E-B36A-4E935F6BE739}.Debug|Any CPU.Build.0 = Debug|Any CPU
		{E2FB754D-73F2-489E-B36A-4E935F6BE739}.Release|Any CPU.ActiveCfg = Release|Any CPU
		{E2FB754D-73F2-489E-B36A-4E935F6BE739}.Release|Any CPU.Build.0 = Release|Any CPU
		{BFDF8015-F289-4205-B8D8-46AB1B19D20C}.Debug|Any CPU.ActiveCfg = Debug|Any CPU
		{BFDF8015-F289-4205-B8D8-46AB1B19D20C}.Debug|Any CPU.Build.0 = Debug|Any CPU
		{BFDF8015-F289-4205-B8D8-46AB1B19D20C}.Debug|Any CPU.Deploy.0 = Debug|Any CPU
		{BFDF8015-F289-4205-B8D8-46AB1B19D20C}.Release|Any CPU.ActiveCfg = Release|Any CPU
		{BFDF8015-F289-4205-B8D8-46AB1B19D20C}.Release|Any CPU.Build.0 = Release|Any CPU
		{BFDF8015-F289-4205-B8D8-46AB1B19D20C}.Release|Any CPU.Deploy.0 = Release|Any CPU
		{26B2EEB0-4221-4C27-B171-56B73C35AE7B}.Debug|Any CPU.ActiveCfg = Debug|Any CPU
		{26B2EEB0-4221-4C27-B171-56B73C35AE7B}.Debug|Any CPU.Build.0 = Debug|Any CPU
		{26B2EEB0-4221-4C27-B171-56B73C35AE7B}.Release|Any CPU.ActiveCfg = Release|Any CPU
		{26B2EEB0-4221-4C27-B171-56B73C35AE7B}.Release|Any CPU.Build.0 = Release|Any CPU
		{77345552-412D-4F74-88E9-E9B7AD6D4679}.Debug|Any CPU.ActiveCfg = Debug|Any CPU
		{77345552-412D-4F74-88E9-E9B7AD6D4679}.Debug|Any CPU.Build.0 = Debug|Any CPU
		{77345552-412D-4F74-88E9-E9B7AD6D4679}.Release|Any CPU.ActiveCfg = Release|Any CPU
		{77345552-412D-4F74-88E9-E9B7AD6D4679}.Release|Any CPU.Build.0 = Release|Any CPU
		{1C970087-160E-4200-971F-3ED0F53D7E95}.Debug|Any CPU.ActiveCfg = Debug|Any CPU
		{1C970087-160E-4200-971F-3ED0F53D7E95}.Debug|Any CPU.Build.0 = Debug|Any CPU
		{1C970087-160E-4200-971F-3ED0F53D7E95}.Release|Any CPU.ActiveCfg = Release|Any CPU
		{1C970087-160E-4200-971F-3ED0F53D7E95}.Release|Any CPU.Build.0 = Release|Any CPU
		{C7197723-4600-4FF5-9756-69527D042E80}.Debug|Any CPU.ActiveCfg = Debug|Any CPU
		{C7197723-4600-4FF5-9756-69527D042E80}.Debug|Any CPU.Build.0 = Debug|Any CPU
		{C7197723-4600-4FF5-9756-69527D042E80}.Release|Any CPU.ActiveCfg = Release|Any CPU
		{C7197723-4600-4FF5-9756-69527D042E80}.Release|Any CPU.Build.0 = Release|Any CPU
	EndGlobalSection
	GlobalSection(SolutionProperties) = preSolution
		HideSolutionNode = FALSE
	EndGlobalSection
	GlobalSection(NestedProjects) = preSolution
		{0C578659-4F83-47CF-BB52-E9DB26553F65} = {65FFFD99-926F-4B26-ADC6-6AD5BCED9922}
		{BEA72B4A-9E19-45CD-AF15-821CA649AF62} = {B79635F4-05F0-4384-9375-36C9302E812F}
		{33A48248-FD07-4737-B321-545B1069B494} = {5E95D463-24F1-46F6-A793-92A34B68A38B}
		{65FFFD99-926F-4B26-ADC6-6AD5BCED9922} = {5E95D463-24F1-46F6-A793-92A34B68A38B}
		{B79635F4-05F0-4384-9375-36C9302E812F} = {5E95D463-24F1-46F6-A793-92A34B68A38B}
		{E2FB754D-73F2-489E-B36A-4E935F6BE739} = {33A48248-FD07-4737-B321-545B1069B494}
		{BFDF8015-F289-4205-B8D8-46AB1B19D20C} = {33A48248-FD07-4737-B321-545B1069B494}
		{26B2EEB0-4221-4C27-B171-56B73C35AE7B} = {E6393FE2-6718-4CAF-A2EA-45242007E478}
		{77345552-412D-4F74-88E9-E9B7AD6D4679} = {E6393FE2-6718-4CAF-A2EA-45242007E478}
		{1C970087-160E-4200-971F-3ED0F53D7E95} = {65FFFD99-926F-4B26-ADC6-6AD5BCED9922}
		{C7197723-4600-4FF5-9756-69527D042E80} = {B79635F4-05F0-4384-9375-36C9302E812F}
	EndGlobalSection
EndGlobal
